{
  "name": "time-aware-netease-player",
  "version": "0.1.0",
  "lockfileVersion": 3,
  "requires": true,
  "packages": {
    "": {
      "name": "time-aware-netease-player",
      "version": "0.1.0",
      "bin": {
        "music-daypart": "src/index.js"
      },
      "engines": {
        "node": ">=18"
      }
    }
  }
}
